
Microsoft Visual Studio Solution File, Format Version 12.00
# Visual Studio Version 17
VisualStudioVersion = 17.14.36221.1 d17.14
MinimumVisualStudioVersion = 10.0.40219.1
Project("{FAE04EC0-301F-11D3-BF4B-00C04F79EFBC}") = "Vamino_WebAPI", "Vamino_WebAPI\Vamino_WebAPI.csproj", "{5FC23706-4726-446F-95A3-5AA232A1FC23}"
EndProject
Project("{FAE04EC0-301F-11D3-BF4B-00C04F79EFBC}") = "Core.Application", "Core.Application\Core.Application.csproj", "{0EA1BF05-D2CA-4415-B69E-B3DA4E560B5F}"
EndProject
Project("{FAE04EC0-301F-11D3-BF4B-00C04F79EFBC}") = "Infrastructure.Persistence", "Infrastructure.Persistence\Infrastructure.Persistence.csproj", "{A45E6B14-426B-4404-9ED4-23224F5189FB}"
EndProject
Project("{FAE04EC0-301F-11D3-BF4B-00C04F79EFBC}") = "Domain.Entities", "Domain.Entities\Domain.Entities.csproj", "{4F720D16-55DF-4CAB-BFF0-1F7F69273291}"
EndProject
Project("{FAE04EC0-301F-11D3-BF4B-00C04F79EFBC}") = "Infrastructure.Messaging", "Infrastructure.Messaging\Infrastructure.Messaging.csproj", "{1B491AC2-36BD-484E-B701-2CF4EDDDE048}"
EndProject
Project("{FAE04EC0-301F-11D3-BF4B-00C04F79EFBC}") = "Infrastructure.Security", "Infrastructure.Security\Infrastructure.Security.csproj", "{88C58802-8E13-4CBB-8819-744B7FD704A0}"
EndProject
Project("{FAE04EC0-301F-11D3-BF4B-00C04F79EFBC}") = "Application.Services", "Application.Services\Application.Services.csproj", "{550B0F91-24C8-40D4-B546-926FE4AA3142}"
EndProject
Project("{FAE04EC0-301F-11D3-BF4B-00C04F79EFBC}") = "Shared.Kernel", "Shared.Kernel\Shared.Kernel.csproj", "{4A62D4FC-E958-4AD0-876C-0F000588EFAE}"
EndProject
Global
	GlobalSection(SolutionConfigurationPlatforms) = preSolution
		Debug|Any CPU = Debug|Any CPU
		Release|Any CPU = Release|Any CPU
	EndGlobalSection
	GlobalSection(ProjectConfigurationPlatforms) = postSolution
		{5FC23706-4726-446F-95A3-5AA232A1FC23}.Debug|Any CPU.ActiveCfg = Debug|Any CPU
		{5FC23706-4726-446F-95A3-5AA232A1FC23}.Debug|Any CPU.Build.0 = Debug|Any CPU
		{5FC23706-4726-446F-95A3-5AA232A1FC23}.Release|Any CPU.ActiveCfg = Release|Any CPU
		{5FC23706-4726-446F-95A3-5AA232A1FC23}.Release|Any CPU.Build.0 = Release|Any CPU
		{0EA1BF05-D2CA-4415-B69E-B3DA4E560B5F}.Debug|Any CPU.ActiveCfg = Debug|Any CPU
		{0EA1BF05-D2CA-4415-B69E-B3DA4E560B5F}.Debug|Any CPU.Build.0 = Debug|Any CPU
		{0EA1BF05-D2CA-4415-B69E-B3DA4E560B5F}.Release|Any CPU.ActiveCfg = Release|Any CPU
		{0EA1BF05-D2CA-4415-B69E-B3DA4E560B5F}.Release|Any CPU.Build.0 = Release|Any CPU
		{A45E6B14-426B-4404-9ED4-23224F5189FB}.Debug|Any CPU.ActiveCfg = Debug|Any CPU
		{A45E6B14-426B-4404-9ED4-23224F5189FB}.Debug|Any CPU.Build.0 = Debug|Any CPU
		{A45E6B14-426B-4404-9ED4-23224F5189FB}.Release|Any CPU.ActiveCfg = Release|Any CPU
		{A45E6B14-426B-4404-9ED4-23224F5189FB}.Release|Any CPU.Build.0 = Release|Any CPU
		{4F720D16-55DF-4CAB-BFF0-1F7F69273291}.Debug|Any CPU.ActiveCfg = Debug|Any CPU
		{4F720D16-55DF-4CAB-BFF0-1F7F69273291}.Debug|Any CPU.Build.0 = Debug|Any CPU
		{4F720D16-55DF-4CAB-BFF0-1F7F69273291}.Release|Any CPU.ActiveCfg = Release|Any CPU
		{4F720D16-55DF-4CAB-BFF0-1F7F69273291}.Release|Any CPU.Build.0 = Release|Any CPU
		{1B491AC2-36BD-484E-B701-2CF4EDDDE048}.Debug|Any CPU.ActiveCfg = Debug|Any CPU
		{1B491AC2-36BD-484E-B701-2CF4EDDDE048}.Debug|Any CPU.Build.0 = Debug|Any CPU
		{1B491AC2-36BD-484E-B701-2CF4EDDDE048}.Release|Any CPU.ActiveCfg = Release|Any CPU
		{1B491AC2-36BD-484E-B701-2CF4EDDDE048}.Release|Any CPU.Build.0 = Release|Any CPU
		{88C58802-8E13-4CBB-8819-744B7FD704A0}.Debug|Any CPU.ActiveCfg = Debug|Any CPU
		{88C58802-8E13-4CBB-8819-744B7FD704A0}.Debug|Any CPU.Build.0 = Debug|Any CPU
		{88C58802-8E13-4CBB-8819-744B7FD704A0}.Release|Any CPU.ActiveCfg = Release|Any CPU
		{88C58802-8E13-4CBB-8819-744B7FD704A0}.Release|Any CPU.Build.0 = Release|Any CPU
		{550B0F91-24C8-40D4-B546-926FE4AA3142}.Debug|Any CPU.ActiveCfg = Debug|Any CPU
		{550B0F91-24C8-40D4-B546-926FE4AA3142}.Debug|Any CPU.Build.0 = Debug|Any CPU
		{550B0F91-24C8-40D4-B546-926FE4AA3142}.Release|Any CPU.ActiveCfg = Release|Any CPU
		{550B0F91-24C8-40D4-B546-926FE4AA3142}.Release|Any CPU.Build.0 = Release|Any CPU
		{4A62D4FC-E958-4AD0-876C-0F000588EFAE}.Debug|Any CPU.ActiveCfg = Debug|Any CPU
		{4A62D4FC-E958-4AD0-876C-0F000588EFAE}.Debug|Any CPU.Build.0 = Debug|Any CPU
		{4A62D4FC-E958-4AD0-876C-0F000588EFAE}.Release|Any CPU.ActiveCfg = Release|Any CPU
		{4A62D4FC-E958-4AD0-876C-0F000588EFAE}.Release|Any CPU.Build.0 = Release|Any CPU
	EndGlobalSection
	GlobalSection(SolutionProperties) = preSolution
		HideSolutionNode = FALSE
	EndGlobalSection
	GlobalSection(ExtensibilityGlobals) = postSolution
		SolutionGuid = {9CD7B564-E10E-4294-A126-CBCE335D956C}
	EndGlobalSection
EndGlobal
